
Microsoft Visual Studio Solution File, Format Version 12.00
# Visual Studio Version 17
VisualStudioVersion = 17.14.37328.6
MinimumVisualStudioVersion = 10.0.40219.1
Project("{FAE04EC0-301F-11D3-BF4B-00C04F79EFBC}") = "PhonePeClone . Domain", "src\PhonePeClone . Domain\PhonePeClone . Domain.csproj", "{F6C30E3B-F97A-4624-BD05-B5244F622806}"
EndProject
Project("{FAE04EC0-301F-11D3-BF4B-00C04F79EFBC}") = "PhonePeClone . Application", "src\PhonePeClone . Application\PhonePeClone . Application.csproj", "{EAF6C680-80A7-4633-BE86-1DB773A43BF7}"
EndProject
Project("{FAE04EC0-301F-11D3-BF4B-00C04F79EFBC}") = "PhonePeClone . Infrastructure", "src\PhonePeClone . Infrastructure\PhonePeClone . Infrastructure.csproj", "{E51560F1-F6AB-4E72-8F64-4B135123E328}"
EndProject
Project("{FAE04EC0-301F-11D3-BF4B-00C04F79EFBC}") = "PhonePeClone . API", "src\PhonePeClone . API\PhonePeClone . API.csproj", "{37763AAF-12FF-4556-B2C9-289911B84AF2}"
EndProject
Global
	GlobalSection(SolutionConfigurationPlatforms) = preSolution
		Debug|Any CPU = Debug|Any CPU
		Release|Any CPU = Release|Any CPU
	EndGlobalSection
	GlobalSection(ProjectConfigurationPlatforms) = postSolution
		{F6C30E3B-F97A-4624-BD05-B5244F622806}.Debug|Any CPU.ActiveCfg = Debug|Any CPU
		{F6C30E3B-F97A-4624-BD05-B5244F622806}.Debug|Any CPU.Build.0 = Debug|Any CPU
		{F6C30E3B-F97A-4624-BD05-B5244F622806}.Release|Any CPU.ActiveCfg = Release|Any CPU
		{F6C30E3B-F97A-4624-BD05-B5244F622806}.Release|Any CPU.Build.0 = Release|Any CPU
		{EAF6C680-80A7-4633-BE86-1DB773A43BF7}.Debug|Any CPU.ActiveCfg = Debug|Any CPU
		{EAF6C680-80A7-4633-BE86-1DB773A43BF7}.Debug|Any CPU.Build.0 = Debug|Any CPU
		{EAF6C680-80A7-4633-BE86-1DB773A43BF7}.Release|Any CPU.ActiveCfg = Release|Any CPU
		{EAF6C680-80A7-4633-BE86-1DB773A43BF7}.Release|Any CPU.Build.0 = Release|Any CPU
		{E51560F1-F6AB-4E72-8F64-4B135123E328}.Debug|Any CPU.ActiveCfg = Debug|Any CPU
		{E51560F1-F6AB-4E72-8F64-4B135123E328}.Debug|Any CPU.Build.0 = Debug|Any CPU
		{E51560F1-F6AB-4E72-8F64-4B135123E328}.Release|Any CPU.ActiveCfg = Release|Any CPU
		{E51560F1-F6AB-4E72-8F64-4B135123E328}.Release|Any CPU.Build.0 = Release|Any CPU
		{37763AAF-12FF-4556-B2C9-289911B84AF2}.Debug|Any CPU.ActiveCfg = Debug|Any CPU
		{37763AAF-12FF-4556-B2C9-289911B84AF2}.Debug|Any CPU.Build.0 = Debug|Any CPU
		{37763AAF-12FF-4556-B2C9-289911B84AF2}.Release|Any CPU.ActiveCfg = Release|Any CPU
		{37763AAF-12FF-4556-B2C9-289911B84AF2}.Release|Any CPU.Build.0 = Release|Any CPU
	EndGlobalSection
	GlobalSection(SolutionProperties) = preSolution
		HideSolutionNode = FALSE
	EndGlobalSection
	GlobalSection(ExtensibilityGlobals) = postSolution
		SolutionGuid = {CBB42213-34E3-4D1F-AFC9-DEEAB6CFEA59}
	EndGlobalSection
EndGlobal
